
Microsoft Visual Studio Solution File, Format Version 12.00
# Visual Studio Version 16
VisualStudioVersion = 16.0.30002.166
MinimumVisualStudioVersion = 10.0.40219.1
Project("{9A19103F-16F7-4668-BE54-9A1E7A4F7556}") = "BlazorDemo.Api", "BlazorDemo.Api\BlazorDemo.Api.csproj", "{7E3E9907-8912-4B22-B4B6-F327B35B081E}"
EndProject
Project("{9A19103F-16F7-4668-BE54-9A1E7A4F7556}") = "BlazorDemo.DataAccess", "BlazorDemo.DataAccess\BlazorDemo.DataAccess.csproj", "{B08F95D2-9295-4F7F-AE10-96FC5F7578FD}"
EndProject
Project("{9A19103F-16F7-4668-BE54-9A1E7A4F7556}") = "BlazorDemo.UI", "BlazorDemo.UI\BlazorDemo.UI.csproj", "{05DA09B7-FE1E-4E54-BE25-A57088BDF23F}"
EndProject
Global
	GlobalSection(SolutionConfigurationPlatforms) = preSolution
		Debug|Any CPU = Debug|Any CPU
		Release|Any CPU = Release|Any CPU
	EndGlobalSection
	GlobalSection(ProjectConfigurationPlatforms) = postSolution
		{7E3E9907-8912-4B22-B4B6-F327B35B081E}.Debug|Any CPU.ActiveCfg = Debug|Any CPU
		{7E3E9907-8912-4B22-B4B6-F327B35B081E}.Debug|Any CPU.Build.0 = Debug|Any CPU
		{7E3E9907-8912-4B22-B4B6-F327B35B081E}.Release|Any CPU.ActiveCfg = Release|Any CPU
		{7E3E9907-8912-4B22-B4B6-F327B35B081E}.Release|Any CPU.Build.0 = Release|Any CPU
		{B08F95D2-9295-4F7F-AE10-96FC5F7578FD}.Debug|Any CPU.ActiveCfg = Debug|Any CPU
		{B08F95D2-9295-4F7F-AE10-96FC5F7578FD}.Debug|Any CPU.Build.0 = Debug|Any CPU
		{B08F95D2-9295-4F7F-AE10-96FC5F7578FD}.Release|Any CPU.ActiveCfg = Release|Any CPU
		{B08F95D2-9295-4F7F-AE10-96FC5F7578FD}.Release|Any CPU.Build.0 = Release|Any CPU
		{05DA09B7-FE1E-4E54-BE25-A57088BDF23F}.Debug|Any CPU.ActiveCfg = Debug|Any CPU
		{05DA09B7-FE1E-4E54-BE25-A57088BDF23F}.Debug|Any CPU.Build.0 = Debug|Any CPU
		{05DA09B7-FE1E-4E54-BE25-A57088BDF23F}.Release|Any CPU.ActiveCfg = Release|Any CPU
		{05DA09B7-FE1E-4E54-BE25-A57088BDF23F}.Release|Any CPU.Build.0 = Release|Any CPU
	EndGlobalSection
	GlobalSection(SolutionProperties) = preSolution
		HideSolutionNode = FALSE
	EndGlobalSection
	GlobalSection(ExtensibilityGlobals) = postSolution
		SolutionGuid = {3D670FF4-B0C3-4AFD-AACA-CE3860572B92}
	EndGlobalSection
EndGlobal
